<?xml version="1.0" encoding="utf-8"?>
<Project ToolsVersion="4.0" xmlns="http://schemas.microsoft.com/developer/msbuild/2003">
  <ItemGroup>
    <Filter Include="Source Files">
      <UniqueIdentifier>{0d074a14-5f0f-41ce-bf2d-93371462e90e}</UniqueIdentifier>
      <Extensions>cpp;c;cxx;rc;def;r;odl;hpj;bat;for;f90</Extensions>
    </Filter>
    <Filter Include="Header Files">
      <UniqueIdentifier>{527c29f1-71d3-4e55-abb0-2b2f644d32e4}</UniqueIdentifier>
      <Extensions>h;hpp;hxx;inl;fi;fd</Extensions>
    </Filter>
    <Filter Include="Resource Files">
      <UniqueIdentifier>{93632c5f-7e72-4907-9733-906b65a20383}</UniqueIdentifier>
      <Extensions>ico;cur;bmp;dlg;rc2;rct;cnt;rtf;gif;jpg;jpeg;jpe</Extensions>
    </Filter>
  </ItemGroup>
  <ItemGroup>
    <ClCompile Include="Drawwnd.cpp">
      <Filter>Source Files</Filter>
    </ClCompile>
    <ClCompile Include="EffectPropertyPage.cpp">
      <Filter>Source Files</Filter>
    </ClCompile>
    <ClCompile Include="FindImages.cpp">
      <Filter>Source Files</Filter>
    </ClCompile>
    <ClCompile Include="Monitor.cpp">
      <Filter>Source Files</Filter>
    </ClCompile>
    <ClCompile Include="MultiPage.cpp">
      <Filter>Source Files</Filter>
    </ClCompile>
    <ClCompile Include="Saver.cpp">
      <Filter>Source Files</Filter>
    </ClCompile>
    <ClCompile Include="Saverdlg.cpp">
      <Filter>Source Files</Filter>
    </ClCompile>
    <ClCompile Include="Saverwnd.cpp">
      <Filter>Source Files</Filter>
    </ClCompile>
    <ClCompile Include="SourcePage1.cpp">
      <Filter>Source Files</Filter>
    </ClCompile>
    <ClCompile Include="Stdafx.cpp">
      <Filter>Source Files</Filter>
    </ClCompile>
    <ClCompile Include="VideoPage.cpp">
      <Filter>Source Files</Filter>
    </ClCompile>
    <ClCompile Include="VPropertySheet.cpp">
      <Filter>Source Files</Filter>
    </ClCompile>
    <ClCompile Include="Engine.cpp">
      <Filter>Source Files</Filter>
    </ClCompile>
  </ItemGroup>
  <ItemGroup>
    <ResourceCompile Include="Saver.rc">
      <Filter>Source Files</Filter>
    </ResourceCompile>
  </ItemGroup>
  <ItemGroup>
    <ClInclude Include="drawwnd.h">
      <Filter>Header Files</Filter>
    </ClInclude>
    <ClInclude Include="Dxvector.h">
      <Filter>Header Files</Filter>
    </ClInclude>
    <ClInclude Include="EffectPropertyPage.h">
      <Filter>Header Files</Filter>
    </ClInclude>
    <ClInclude Include="FindImages.h">
      <Filter>Header Files</Filter>
    </ClInclude>
    <ClInclude Include="Monitor.h">
      <Filter>Header Files</Filter>
    </ClInclude>
    <ClInclude Include="multimon.h">
      <Filter>Header Files</Filter>
    </ClInclude>
    <ClInclude Include="MultiPage.h">
      <Filter>Header Files</Filter>
    </ClInclude>
    <ClInclude Include="pvmr9.h">
      <Filter>Header Files</Filter>
    </ClInclude>
    <ClInclude Include="resource.h">
      <Filter>Header Files</Filter>
    </ClInclude>
    <ClInclude Include="Saver.h">
      <Filter>Header Files</Filter>
    </ClInclude>
    <ClInclude Include="Saverdlg.h">
      <Filter>Header Files</Filter>
    </ClInclude>
    <ClInclude Include="saverwnd.h">
      <Filter>Header Files</Filter>
    </ClInclude>
    <ClInclude Include="SourcePage1.h">
      <Filter>Header Files</Filter>
    </ClInclude>
    <ClInclude Include="stdafx.h">
      <Filter>Header Files</Filter>
    </ClInclude>
    <ClInclude Include="VideoPage.h">
      <Filter>Header Files</Filter>
    </ClInclude>
    <ClInclude Include="VPropertySheet.h">
      <Filter>Header Files</Filter>
    </ClInclude>
    <ClInclude Include="Engine.h">
      <Filter>Header Files</Filter>
    </ClInclude>
  </ItemGroup>
  <ItemGroup>
    <None Include="res\bitmap1.bmp">
      <Filter>Resource Files</Filter>
    </None>
    <None Include="res\bmp00001.bmp">
      <Filter>Resource Files</Filter>
    </None>
    <None Include="res\cursor1.cur">
      <Filter>Resource Files</Filter>
    </None>
    <None Include="res\Monitor.bmp">
      <Filter>Resource Files</Filter>
    </None>
    <None Include="res\Saver.ico">
      <Filter>Resource Files</Filter>
    </None>
    <None Include="res\Saver.rc2">
      <Filter>Resource Files</Filter>
    </None>
    <None Include="res\mfc_general_Wizard97\Water256.bmp">
      <Filter>Resource Files</Filter>
    </None>
    <None Include="res\Monitor2.bmp">
      <Filter>Resource Files</Filter>
    </None>
  </ItemGroup>
</Project>